
Microsoft Visual Studio Solution File, Format Version 12.00
# Visual Studio Version 17
VisualStudioVersion = 17.1.32228.430
MinimumVisualStudioVersion = 10.0.40219.1
Project("{9A19103F-16F7-4668-BE54-9A1E7A4F7556}") = "Pinewood.DMSSample.Business", "DMSSample\Pinewood.DMSSample.Business.csproj", "{B20CD86D-AD94-4AE7-AD7A-7C4C12217B57}"
EndProject
Project("{FAE04EC0-301F-11D3-BF4B-00C04F79EFBC}") = "Pinewood.DMSSample.SampleConsole", "Pinewood.DMSSample.SampleConsole\Pinewood.DMSSample.SampleConsole.csproj", "{A375BAD7-82C4-433A-BC2D-808980BCF98E}"
EndProject
Project("{FAE04EC0-301F-11D3-BF4B-00C04F79EFBC}") = "Pinewood.DMSSample.Test", "Pinewood.DMSSample.Test\Pinewood.DMSSample.Test.csproj", "{2F66A78F-B293-41EE-A444-D25F890C68E8}"
EndProject
Global
	GlobalSection(SolutionConfigurationPlatforms) = preSolution
		Debug|Any CPU = Debug|Any CPU
		Release|Any CPU = Release|Any CPU
	EndGlobalSection
	GlobalSection(ProjectConfigurationPlatforms) = postSolution
		{B20CD86D-AD94-4AE7-AD7A-7C4C12217B57}.Debug|Any CPU.ActiveCfg = Debug|Any CPU
		{B20CD86D-AD94-4AE7-AD7A-7C4C12217B57}.Debug|Any CPU.Build.0 = Debug|Any CPU
		{B20CD86D-AD94-4AE7-AD7A-7C4C12217B57}.Release|Any CPU.ActiveCfg = Release|Any CPU
		{B20CD86D-AD94-4AE7-AD7A-7C4C12217B57}.Release|Any CPU.Build.0 = Release|Any CPU
		{A375BAD7-82C4-433A-BC2D-808980BCF98E}.Debug|Any CPU.ActiveCfg = Debug|Any CPU
		{A375BAD7-82C4-433A-BC2D-808980BCF98E}.Debug|Any CPU.Build.0 = Debug|Any CPU
		{A375BAD7-82C4-433A-BC2D-808980BCF98E}.Release|Any CPU.ActiveCfg = Release|Any CPU
		{A375BAD7-82C4-433A-BC2D-808980BCF98E}.Release|Any CPU.Build.0 = Release|Any CPU
		{2F66A78F-B293-41EE-A444-D25F890C68E8}.Debug|Any CPU.ActiveCfg = Debug|Any CPU
		{2F66A78F-B293-41EE-A444-D25F890C68E8}.Debug|Any CPU.Build.0 = Debug|Any CPU
		{2F66A78F-B293-41EE-A444-D25F890C68E8}.Release|Any CPU.ActiveCfg = Release|Any CPU
		{2F66A78F-B293-41EE-A444-D25F890C68E8}.Release|Any CPU.Build.0 = Release|Any CPU
	EndGlobalSection
	GlobalSection(SolutionProperties) = preSolution
		HideSolutionNode = FALSE
	EndGlobalSection
	GlobalSection(ExtensibilityGlobals) = postSolution
		SolutionGuid = {0353203E-94AE-4471-A91E-B0DC7EC82EE2}
	EndGlobalSection
EndGlobal
